
Microsoft Visual Studio Solution File, Format Version 12.00
# Visual Studio Version 16
VisualStudioVersion = 16.0.30225.117
MinimumVisualStudioVersion = 10.0.40219.1
Project("{9A19103F-16F7-4668-BE54-9A1E7A4F7556}") = "ConsoleApp1", "ConsoleApp1\ConsoleApp1.csproj", "{D07E8C28-5C3C-4F46-872A-720E472D2831}"
EndProject
Project("{9A19103F-16F7-4668-BE54-9A1E7A4F7556}") = "Services", "Services\Services.csproj", "{AAF90DAF-4965-4C06-8BB5-910EB2ABD907}"
EndProject
Project("{9A19103F-16F7-4668-BE54-9A1E7A4F7556}") = "Common", "Common\Common.csproj", "{813DB9E3-9CB9-4657-91FD-9A6FCBF76586}"
EndProject
Project("{9A19103F-16F7-4668-BE54-9A1E7A4F7556}") = "DataAccess", "DataAccess\DataAccess.csproj", "{245D5322-E360-473D-9F9F-FE361CBDA9C7}"
EndProject
Project("{9A19103F-16F7-4668-BE54-9A1E7A4F7556}") = "Repositories", "Repositories\Repositories.csproj", "{471CD232-2692-43F0-AAC7-0408B356AF11}"
EndProject
Global
	GlobalSection(SolutionConfigurationPlatforms) = preSolution
		Debug|Any CPU = Debug|Any CPU
		Release|Any CPU = Release|Any CPU
	EndGlobalSection
	GlobalSection(ProjectConfigurationPlatforms) = postSolution
		{D07E8C28-5C3C-4F46-872A-720E472D2831}.Debug|Any CPU.ActiveCfg = Debug|Any CPU
		{D07E8C28-5C3C-4F46-872A-720E472D2831}.Debug|Any CPU.Build.0 = Debug|Any CPU
		{D07E8C28-5C3C-4F46-872A-720E472D2831}.Release|Any CPU.ActiveCfg = Release|Any CPU
		{D07E8C28-5C3C-4F46-872A-720E472D2831}.Release|Any CPU.Build.0 = Release|Any CPU
		{AAF90DAF-4965-4C06-8BB5-910EB2ABD907}.Debug|Any CPU.ActiveCfg = Debug|Any CPU
		{AAF90DAF-4965-4C06-8BB5-910EB2ABD907}.Debug|Any CPU.Build.0 = Debug|Any CPU
		{AAF90DAF-4965-4C06-8BB5-910EB2ABD907}.Release|Any CPU.ActiveCfg = Release|Any CPU
		{AAF90DAF-4965-4C06-8BB5-910EB2ABD907}.Release|Any CPU.Build.0 = Release|Any CPU
		{813DB9E3-9CB9-4657-91FD-9A6FCBF76586}.Debug|Any CPU.ActiveCfg = Debug|Any CPU
		{813DB9E3-9CB9-4657-91FD-9A6FCBF76586}.Debug|Any CPU.Build.0 = Debug|Any CPU
		{813DB9E3-9CB9-4657-91FD-9A6FCBF76586}.Release|Any CPU.ActiveCfg = Release|Any CPU
		{813DB9E3-9CB9-4657-91FD-9A6FCBF76586}.Release|Any CPU.Build.0 = Release|Any CPU
		{245D5322-E360-473D-9F9F-FE361CBDA9C7}.Debug|Any CPU.ActiveCfg = Debug|Any CPU
		{245D5322-E360-473D-9F9F-FE361CBDA9C7}.Debug|Any CPU.Build.0 = Debug|Any CPU
		{245D5322-E360-473D-9F9F-FE361CBDA9C7}.Release|Any CPU.ActiveCfg = Release|Any CPU
		{245D5322-E360-473D-9F9F-FE361CBDA9C7}.Release|Any CPU.Build.0 = Release|Any CPU
		{471CD232-2692-43F0-AAC7-0408B356AF11}.Debug|Any CPU.ActiveCfg = Debug|Any CPU
		{471CD232-2692-43F0-AAC7-0408B356AF11}.Debug|Any CPU.Build.0 = Debug|Any CPU
		{471CD232-2692-43F0-AAC7-0408B356AF11}.Release|Any CPU.ActiveCfg = Release|Any CPU
		{471CD232-2692-43F0-AAC7-0408B356AF11}.Release|Any CPU.Build.0 = Release|Any CPU
	EndGlobalSection
	GlobalSection(SolutionProperties) = preSolution
		HideSolutionNode = FALSE
	EndGlobalSection
	GlobalSection(ExtensibilityGlobals) = postSolution
		SolutionGuid = {C1B98DA8-DCA2-489F-A737-56496CEA68F2}
	EndGlobalSection
EndGlobal
